
Microsoft Visual Studio Solution File, Format Version 12.00
# Visual Studio Version 17
VisualStudioVersion = 17.13.35825.156
MinimumVisualStudioVersion = 10.0.40219.1
Project("{FAE04EC0-301F-11D3-BF4B-00C04F79EFBC}") = "ConfigBackend", "ConfigBackend\ConfigBackend.csproj", "{E42CD40C-6624-42A5-9895-8F3441923BC6}"
EndProject
Project("{FAE04EC0-301F-11D3-BF4B-00C04F79EFBC}") = "ConfigBackend.Test", "ConfigBackend.Test\ConfigBackend.Test.csproj", "{59CB3219-8B43-4BCC-A66F-1D6F06A7915D}"
EndProject
Project("{FAE04EC0-301F-11D3-BF4B-00C04F79EFBC}") = "ExecutionEngine", "ExecutionEngine\ExecutionEngine.csproj", "{F454E2EA-42EF-401C-9F6E-CAE70EE37325}"
EndProject
Project("{FAE04EC0-301F-11D3-BF4B-00C04F79EFBC}") = "SharedModels", "SharedModels\SharedModels.csproj", "{C0869EDF-DC37-4854-9A66-90960E16DB22}"
EndProject
Project("{FAE04EC0-301F-11D3-BF4B-00C04F79EFBC}") = "ExecutionEngine.Tests", "ExecutionEngine.Tests\ExecutionEngine.Tests.csproj", "{A6E9286A-BA37-43F5-9095-E88040525369}"
EndProject
Global
	GlobalSection(SolutionConfigurationPlatforms) = preSolution
		Debug|Any CPU = Debug|Any CPU
		Debug|x64 = Debug|x64
		Debug|x86 = Debug|x86
		Release|Any CPU = Release|Any CPU
		Release|x64 = Release|x64
		Release|x86 = Release|x86
	EndGlobalSection
	GlobalSection(ProjectConfigurationPlatforms) = postSolution
		{E42CD40C-6624-42A5-9895-8F3441923BC6}.Debug|Any CPU.ActiveCfg = Debug|Any CPU
		{E42CD40C-6624-42A5-9895-8F3441923BC6}.Debug|Any CPU.Build.0 = Debug|Any CPU
		{E42CD40C-6624-42A5-9895-8F3441923BC6}.Debug|x64.ActiveCfg = Debug|Any CPU
		{E42CD40C-6624-42A5-9895-8F3441923BC6}.Debug|x64.Build.0 = Debug|Any CPU
		{E42CD40C-6624-42A5-9895-8F3441923BC6}.Debug|x86.ActiveCfg = Debug|Any CPU
		{E42CD40C-6624-42A5-9895-8F3441923BC6}.Debug|x86.Build.0 = Debug|Any CPU
		{E42CD40C-6624-42A5-9895-8F3441923BC6}.Release|Any CPU.ActiveCfg = Release|Any CPU
		{E42CD40C-6624-42A5-9895-8F3441923BC6}.Release|Any CPU.Build.0 = Release|Any CPU
		{E42CD40C-6624-42A5-9895-8F3441923BC6}.Release|x64.ActiveCfg = Release|Any CPU
		{E42CD40C-6624-42A5-9895-8F3441923BC6}.Release|x64.Build.0 = Release|Any CPU
		{E42CD40C-6624-42A5-9895-8F3441923BC6}.Release|x86.ActiveCfg = Release|Any CPU
		{E42CD40C-6624-42A5-9895-8F3441923BC6}.Release|x86.Build.0 = Release|Any CPU
		{59CB3219-8B43-4BCC-A66F-1D6F06A7915D}.Debug|Any CPU.ActiveCfg = Debug|Any CPU
		{59CB3219-8B43-4BCC-A66F-1D6F06A7915D}.Debug|Any CPU.Build.0 = Debug|Any CPU
		{59CB3219-8B43-4BCC-A66F-1D6F06A7915D}.Debug|x64.ActiveCfg = Debug|Any CPU
		{59CB3219-8B43-4BCC-A66F-1D6F06A7915D}.Debug|x64.Build.0 = Debug|Any CPU
		{59CB3219-8B43-4BCC-A66F-1D6F06A7915D}.Debug|x86.ActiveCfg = Debug|Any CPU
		{59CB3219-8B43-4BCC-A66F-1D6F06A7915D}.Debug|x86.Build.0 = Debug|Any CPU
		{59CB3219-8B43-4BCC-A66F-1D6F06A7915D}.Release|Any CPU.ActiveCfg = Release|Any CPU
		{59CB3219-8B43-4BCC-A66F-1D6F06A7915D}.Release|Any CPU.Build.0 = Release|Any CPU
		{59CB3219-8B43-4BCC-A66F-1D6F06A7915D}.Release|x64.ActiveCfg = Release|Any CPU
		{59CB3219-8B43-4BCC-A66F-1D6F06A7915D}.Release|x64.Build.0 = Release|Any CPU
		{59CB3219-8B43-4BCC-A66F-1D6F06A7915D}.Release|x86.ActiveCfg = Release|Any CPU
		{59CB3219-8B43-4BCC-A66F-1D6F06A7915D}.Release|x86.Build.0 = Release|Any CPU
		{F454E2EA-42EF-401C-9F6E-CAE70EE37325}.Debug|Any CPU.ActiveCfg = Debug|Any CPU
		{F454E2EA-42EF-401C-9F6E-CAE70EE37325}.Debug|Any CPU.Build.0 = Debug|Any CPU
		{F454E2EA-42EF-401C-9F6E-CAE70EE37325}.Debug|x64.ActiveCfg = Debug|Any CPU
		{F454E2EA-42EF-401C-9F6E-CAE70EE37325}.Debug|x64.Build.0 = Debug|Any CPU
		{F454E2EA-42EF-401C-9F6E-CAE70EE37325}.Debug|x86.ActiveCfg = Debug|Any CPU
		{F454E2EA-42EF-401C-9F6E-CAE70EE37325}.Debug|x86.Build.0 = Debug|Any CPU
		{F454E2EA-42EF-401C-9F6E-CAE70EE37325}.Release|Any CPU.ActiveCfg = Release|Any CPU
		{F454E2EA-42EF-401C-9F6E-CAE70EE37325}.Release|Any CPU.Build.0 = Release|Any CPU
		{F454E2EA-42EF-401C-9F6E-CAE70EE37325}.Release|x64.ActiveCfg = Release|Any CPU
		{F454E2EA-42EF-401C-9F6E-CAE70EE37325}.Release|x64.Build.0 = Release|Any CPU
		{F454E2EA-42EF-401C-9F6E-CAE70EE37325}.Release|x86.ActiveCfg = Release|Any CPU
		{F454E2EA-42EF-401C-9F6E-CAE70EE37325}.Release|x86.Build.0 = Release|Any CPU
		{C0869EDF-DC37-4854-9A66-90960E16DB22}.Debug|Any CPU.ActiveCfg = Debug|Any CPU
		{C0869EDF-DC37-4854-9A66-90960E16DB22}.Debug|Any CPU.Build.0 = Debug|Any CPU
		{C0869EDF-DC37-4854-9A66-90960E16DB22}.Debug|x64.ActiveCfg = Debug|Any CPU
		{C0869EDF-DC37-4854-9A66-90960E16DB22}.Debug|x64.Build.0 = Debug|Any CPU
		{C0869EDF-DC37-4854-9A66-90960E16DB22}.Debug|x86.ActiveCfg = Debug|Any CPU
		{C0869EDF-DC37-4854-9A66-90960E16DB22}.Debug|x86.Build.0 = Debug|Any CPU
		{C0869EDF-DC37-4854-9A66-90960E16DB22}.Release|Any CPU.ActiveCfg = Release|Any CPU
		{C0869EDF-DC37-4854-9A66-90960E16DB22}.Release|Any CPU.Build.0 = Release|Any CPU
		{C0869EDF-DC37-4854-9A66-90960E16DB22}.Release|x64.ActiveCfg = Release|Any CPU
		{C0869EDF-DC37-4854-9A66-90960E16DB22}.Release|x64.Build.0 = Release|Any CPU
		{C0869EDF-DC37-4854-9A66-90960E16DB22}.Release|x86.ActiveCfg = Release|Any CPU
		{C0869EDF-DC37-4854-9A66-90960E16DB22}.Release|x86.Build.0 = Release|Any CPU
		{A6E9286A-BA37-43F5-9095-E88040525369}.Debug|Any CPU.ActiveCfg = Debug|Any CPU
		{A6E9286A-BA37-43F5-9095-E88040525369}.Debug|Any CPU.Build.0 = Debug|Any CPU
		{A6E9286A-BA37-43F5-9095-E88040525369}.Debug|x64.ActiveCfg = Debug|Any CPU
		{A6E9286A-BA37-43F5-9095-E88040525369}.Debug|x64.Build.0 = Debug|Any CPU
		{A6E9286A-BA37-43F5-9095-E88040525369}.Debug|x86.ActiveCfg = Debug|Any CPU
		{A6E9286A-BA37-43F5-9095-E88040525369}.Debug|x86.Build.0 = Debug|Any CPU
		{A6E9286A-BA37-43F5-9095-E88040525369}.Release|Any CPU.ActiveCfg = Release|Any CPU
		{A6E9286A-BA37-43F5-9095-E88040525369}.Release|Any CPU.Build.0 = Release|Any CPU
		{A6E9286A-BA37-43F5-9095-E88040525369}.Release|x64.ActiveCfg = Release|Any CPU
		{A6E9286A-BA37-43F5-9095-E88040525369}.Release|x64.Build.0 = Release|Any CPU
		{A6E9286A-BA37-43F5-9095-E88040525369}.Release|x86.ActiveCfg = Release|Any CPU
		{A6E9286A-BA37-43F5-9095-E88040525369}.Release|x86.Build.0 = Release|Any CPU
	EndGlobalSection
	GlobalSection(SolutionProperties) = preSolution
		HideSolutionNode = FALSE
	EndGlobalSection
	GlobalSection(ExtensibilityGlobals) = postSolution
		SolutionGuid = {8C4209C0-24C3-48DE-B438-43091A1029C2}
	EndGlobalSection
EndGlobal
